
Microsoft Visual Studio Solution File, Format Version 12.00
# Visual Studio 2012
Project("{FAE04EC0-301F-11D3-BF4B-00C04F79EFBC}") = "RedisWrapper", "RedisWrapper\RedisWrapper.csproj", "{3BCC5955-B5C2-4A1A-AEF7-DEF80E5D3EBC}"
EndProject
Global
	GlobalSection(SolutionConfigurationPlatforms) = preSolution
		Debug|Any CPU = Debug|Any CPU
		Release|Any CPU = Release|Any CPU
	EndGlobalSection
	GlobalSection(ProjectConfigurationPlatforms) = postSolution
		{3BCC5955-B5C2-4A1A-AEF7-DEF80E5D3EBC}.Debug|Any CPU.ActiveCfg = Debug|Any CPU
		{3BCC5955-B5C2-4A1A-AEF7-DEF80E5D3EBC}.Debug|Any CPU.Build.0 = Debug|Any CPU
		{3BCC5955-B5C2-4A1A-AEF7-DEF80E5D3EBC}.Release|Any CPU.ActiveCfg = Release|Any CPU
		{3BCC5955-B5C2-4A1A-AEF7-DEF80E5D3EBC}.Release|Any CPU.Build.0 = Release|Any CPU
	EndGlobalSection
	GlobalSection(SolutionProperties) = preSolution
		HideSolutionNode = FALSE
	EndGlobalSection
EndGlobal
